
Microsoft Visual Studio Solution File, Format Version 10.00
# Visual Studio 2008
Project("{8BC9CEB8-8B4A-11D0-8D11-00A0C91BC942}") = "cvideo", "cvideo.vcproj", "{FC3C2488-10C6-45F1-A04C-3B5F3F2FEE82}"
EndProject
Global
	GlobalSection(SolutionConfigurationPlatforms) = preSolution
		Debug|Win32 = Debug|Win32
		Release|Win32 = Release|Win32
	EndGlobalSection
	GlobalSection(ProjectConfigurationPlatforms) = postSolution
		{FC3C2488-10C6-45F1-A04C-3B5F3F2FEE82}.Debug|Win32.ActiveCfg = Debug|Win32
		{FC3C2488-10C6-45F1-A04C-3B5F3F2FEE82}.Debug|Win32.Build.0 = Debug|Win32
		{FC3C2488-10C6-45F1-A04C-3B5F3F2FEE82}.Release|Win32.ActiveCfg = Release|Win32
		{FC3C2488-10C6-45F1-A04C-3B5F3F2FEE82}.Release|Win32.Build.0 = Release|Win32
	EndGlobalSection
	GlobalSection(SolutionProperties) = preSolution
		HideSolutionNode = FALSE
	EndGlobalSection
EndGlobal
